
Microsoft Visual Studio Solution File, Format Version 12.00
# Visual Studio Version 17
VisualStudioVersion = 17.1.32210.238
MinimumVisualStudioVersion = 10.0.40219.1
Project("{FAE04EC0-301F-11D3-BF4B-00C04F79EFBC}") = "Laborator1 SGBD", "Laborator1 SGBD\Laborator1 SGBD.csproj", "{3A9BF9C5-8B20-45A3-8408-CAB1DBE3F6D8}"
EndProject
Global
	GlobalSection(SolutionConfigurationPlatforms) = preSolution
		Debug|Any CPU = Debug|Any CPU
		Release|Any CPU = Release|Any CPU
	EndGlobalSection
	GlobalSection(ProjectConfigurationPlatforms) = postSolution
		{3A9BF9C5-8B20-45A3-8408-CAB1DBE3F6D8}.Debug|Any CPU.ActiveCfg = Debug|Any CPU
		{3A9BF9C5-8B20-45A3-8408-CAB1DBE3F6D8}.Debug|Any CPU.Build.0 = Debug|Any CPU
		{3A9BF9C5-8B20-45A3-8408-CAB1DBE3F6D8}.Release|Any CPU.ActiveCfg = Release|Any CPU
		{3A9BF9C5-8B20-45A3-8408-CAB1DBE3F6D8}.Release|Any CPU.Build.0 = Release|Any CPU
	EndGlobalSection
	GlobalSection(SolutionProperties) = preSolution
		HideSolutionNode = FALSE
	EndGlobalSection
	GlobalSection(ExtensibilityGlobals) = postSolution
		SolutionGuid = {B4067AF5-915E-47FC-ACA5-23DE235FDB0B}
	EndGlobalSection
EndGlobal
